
Microsoft Visual Studio Solution File, Format Version 12.00
# Visual Studio Version 17
VisualStudioVersion = 17.0.31903.59
MinimumVisualStudioVersion = 10.0.40219.1
Project("{FAE04EC0-301F-11D3-BF4B-00C04F79EFBC}") = "TurkishValidators.Tests", "..\tests\TurkishValidators.Tests\TurkishValidators.Tests.csproj", "{BD0D5219-84F2-4DC3-8007-AB0719FF161C}"
EndProject
Project("{FAE04EC0-301F-11D3-BF4B-00C04F79EFBC}") = "TurkishValidators", "TurkishValidators\TurkishValidators.csproj", "{6BD1D2C6-0DF6-48E5-9647-AB7C3078279B}"
EndProject
Project("{FAE04EC0-301F-11D3-BF4B-00C04F79EFBC}") = "TurkishValidators.TestData", "TurkishValidators.TestData\TurkishValidators.TestData.csproj", "{FFC95678-FD89-4391-A0D3-F3D9CF29AC98}"
EndProject
Project("{FAE04EC0-301F-11D3-BF4B-00C04F79EFBC}") = "TurkishValidators.AspNetCore", "TurkishValidators.AspNetCore\TurkishValidators.AspNetCore.csproj", "{A73E18AB-EEB8-4770-AD12-70833FFF184E}"
EndProject
Project("{FAE04EC0-301F-11D3-BF4B-00C04F79EFBC}") = "TurkishValidators.FluentValidation", "TurkishValidators.FluentValidation\TurkishValidators.FluentValidation.csproj", "{E509AC74-3799-41B3-A8C9-17331E2FE05E}"
EndProject
Project("{FAE04EC0-301F-11D3-BF4B-00C04F79EFBC}") = "TurkishValidators.Json", "TurkishValidators.Json\TurkishValidators.Json.csproj", "{C50963F5-2D81-4A30-B6F9-EE910090F4DB}"
EndProject
Global
	GlobalSection(SolutionConfigurationPlatforms) = preSolution
		Debug|Any CPU = Debug|Any CPU
		Debug|x64 = Debug|x64
		Debug|x86 = Debug|x86
		Release|Any CPU = Release|Any CPU
		Release|x64 = Release|x64
		Release|x86 = Release|x86
	EndGlobalSection
	GlobalSection(ProjectConfigurationPlatforms) = postSolution
		{BD0D5219-84F2-4DC3-8007-AB0719FF161C}.Debug|Any CPU.ActiveCfg = Debug|Any CPU
		{BD0D5219-84F2-4DC3-8007-AB0719FF161C}.Debug|Any CPU.Build.0 = Debug|Any CPU
		{BD0D5219-84F2-4DC3-8007-AB0719FF161C}.Debug|x64.ActiveCfg = Debug|Any CPU
		{BD0D5219-84F2-4DC3-8007-AB0719FF161C}.Debug|x64.Build.0 = Debug|Any CPU
		{BD0D5219-84F2-4DC3-8007-AB0719FF161C}.Debug|x86.ActiveCfg = Debug|Any CPU
		{BD0D5219-84F2-4DC3-8007-AB0719FF161C}.Debug|x86.Build.0 = Debug|Any CPU
		{BD0D5219-84F2-4DC3-8007-AB0719FF161C}.Release|Any CPU.ActiveCfg = Release|Any CPU
		{BD0D5219-84F2-4DC3-8007-AB0719FF161C}.Release|Any CPU.Build.0 = Release|Any CPU
		{BD0D5219-84F2-4DC3-8007-AB0719FF161C}.Release|x64.ActiveCfg = Release|Any CPU
		{BD0D5219-84F2-4DC3-8007-AB0719FF161C}.Release|x64.Build.0 = Release|Any CPU
		{BD0D5219-84F2-4DC3-8007-AB0719FF161C}.Release|x86.ActiveCfg = Release|Any CPU
		{BD0D5219-84F2-4DC3-8007-AB0719FF161C}.Release|x86.Build.0 = Release|Any CPU
		{6BD1D2C6-0DF6-48E5-9647-AB7C3078279B}.Debug|Any CPU.ActiveCfg = Debug|Any CPU
		{6BD1D2C6-0DF6-48E5-9647-AB7C3078279B}.Debug|Any CPU.Build.0 = Debug|Any CPU
		{6BD1D2C6-0DF6-48E5-9647-AB7C3078279B}.Debug|x64.ActiveCfg = Debug|Any CPU
		{6BD1D2C6-0DF6-48E5-9647-AB7C3078279B}.Debug|x64.Build.0 = Debug|Any CPU
		{6BD1D2C6-0DF6-48E5-9647-AB7C3078279B}.Debug|x86.ActiveCfg = Debug|Any CPU
		{6BD1D2C6-0DF6-48E5-9647-AB7C3078279B}.Debug|x86.Build.0 = Debug|Any CPU
		{6BD1D2C6-0DF6-48E5-9647-AB7C3078279B}.Release|Any CPU.ActiveCfg = Release|Any CPU
		{6BD1D2C6-0DF6-48E5-9647-AB7C3078279B}.Release|Any CPU.Build.0 = Release|Any CPU
		{6BD1D2C6-0DF6-48E5-9647-AB7C3078279B}.Release|x64.ActiveCfg = Release|Any CPU
		{6BD1D2C6-0DF6-48E5-9647-AB7C3078279B}.Release|x64.Build.0 = Release|Any CPU
		{6BD1D2C6-0DF6-48E5-9647-AB7C3078279B}.Release|x86.ActiveCfg = Release|Any CPU
		{6BD1D2C6-0DF6-48E5-9647-AB7C3078279B}.Release|x86.Build.0 = Release|Any CPU
		{FFC95678-FD89-4391-A0D3-F3D9CF29AC98}.Debug|Any CPU.ActiveCfg = Debug|Any CPU
		{FFC95678-FD89-4391-A0D3-F3D9CF29AC98}.Debug|Any CPU.Build.0 = Debug|Any CPU
		{FFC95678-FD89-4391-A0D3-F3D9CF29AC98}.Debug|x64.ActiveCfg = Debug|Any CPU
		{FFC95678-FD89-4391-A0D3-F3D9CF29AC98}.Debug|x64.Build.0 = Debug|Any CPU
		{FFC95678-FD89-4391-A0D3-F3D9CF29AC98}.Debug|x86.ActiveCfg = Debug|Any CPU
		{FFC95678-FD89-4391-A0D3-F3D9CF29AC98}.Debug|x86.Build.0 = Debug|Any CPU
		{FFC95678-FD89-4391-A0D3-F3D9CF29AC98}.Release|Any CPU.ActiveCfg = Release|Any CPU
		{FFC95678-FD89-4391-A0D3-F3D9CF29AC98}.Release|Any CPU.Build.0 = Release|Any CPU
		{FFC95678-FD89-4391-A0D3-F3D9CF29AC98}.Release|x64.ActiveCfg = Release|Any CPU
		{FFC95678-FD89-4391-A0D3-F3D9CF29AC98}.Release|x64.Build.0 = Release|Any CPU
		{FFC95678-FD89-4391-A0D3-F3D9CF29AC98}.Release|x86.ActiveCfg = Release|Any CPU
		{FFC95678-FD89-4391-A0D3-F3D9CF29AC98}.Release|x86.Build.0 = Release|Any CPU
		{A73E18AB-EEB8-4770-AD12-70833FFF184E}.Debug|Any CPU.ActiveCfg = Debug|Any CPU
		{A73E18AB-EEB8-4770-AD12-70833FFF184E}.Debug|Any CPU.Build.0 = Debug|Any CPU
		{A73E18AB-EEB8-4770-AD12-70833FFF184E}.Debug|x64.ActiveCfg = Debug|Any CPU
		{A73E18AB-EEB8-4770-AD12-70833FFF184E}.Debug|x64.Build.0 = Debug|Any CPU
		{A73E18AB-EEB8-4770-AD12-70833FFF184E}.Debug|x86.ActiveCfg = Debug|Any CPU
		{A73E18AB-EEB8-4770-AD12-70833FFF184E}.Debug|x86.Build.0 = Debug|Any CPU
		{A73E18AB-EEB8-4770-AD12-70833FFF184E}.Release|Any CPU.ActiveCfg = Release|Any CPU
		{A73E18AB-EEB8-4770-AD12-70833FFF184E}.Release|Any CPU.Build.0 = Release|Any CPU
		{A73E18AB-EEB8-4770-AD12-70833FFF184E}.Release|x64.ActiveCfg = Release|Any CPU
		{A73E18AB-EEB8-4770-AD12-70833FFF184E}.Release|x64.Build.0 = Release|Any CPU
		{A73E18AB-EEB8-4770-AD12-70833FFF184E}.Release|x86.ActiveCfg = Release|Any CPU
		{A73E18AB-EEB8-4770-AD12-70833FFF184E}.Release|x86.Build.0 = Release|Any CPU
		{E509AC74-3799-41B3-A8C9-17331E2FE05E}.Debug|Any CPU.ActiveCfg = Debug|Any CPU
		{E509AC74-3799-41B3-A8C9-17331E2FE05E}.Debug|Any CPU.Build.0 = Debug|Any CPU
		{E509AC74-3799-41B3-A8C9-17331E2FE05E}.Debug|x64.ActiveCfg = Debug|Any CPU
		{E509AC74-3799-41B3-A8C9-17331E2FE05E}.Debug|x64.Build.0 = Debug|Any CPU
		{E509AC74-3799-41B3-A8C9-17331E2FE05E}.Debug|x86.ActiveCfg = Debug|Any CPU
		{E509AC74-3799-41B3-A8C9-17331E2FE05E}.Debug|x86.Build.0 = Debug|Any CPU
		{E509AC74-3799-41B3-A8C9-17331E2FE05E}.Release|Any CPU.ActiveCfg = Release|Any CPU
		{E509AC74-3799-41B3-A8C9-17331E2FE05E}.Release|Any CPU.Build.0 = Release|Any CPU
		{E509AC74-3799-41B3-A8C9-17331E2FE05E}.Release|x64.ActiveCfg = Release|Any CPU
		{E509AC74-3799-41B3-A8C9-17331E2FE05E}.Release|x64.Build.0 = Release|Any CPU
		{E509AC74-3799-41B3-A8C9-17331E2FE05E}.Release|x86.ActiveCfg = Release|Any CPU
		{E509AC74-3799-41B3-A8C9-17331E2FE05E}.Release|x86.Build.0 = Release|Any CPU
		{C50963F5-2D81-4A30-B6F9-EE910090F4DB}.Debug|Any CPU.ActiveCfg = Debug|Any CPU
		{C50963F5-2D81-4A30-B6F9-EE910090F4DB}.Debug|Any CPU.Build.0 = Debug|Any CPU
		{C50963F5-2D81-4A30-B6F9-EE910090F4DB}.Debug|x64.ActiveCfg = Debug|Any CPU
		{C50963F5-2D81-4A30-B6F9-EE910090F4DB}.Debug|x64.Build.0 = Debug|Any CPU
		{C50963F5-2D81-4A30-B6F9-EE910090F4DB}.Debug|x86.ActiveCfg = Debug|Any CPU
		{C50963F5-2D81-4A30-B6F9-EE910090F4DB}.Debug|x86.Build.0 = Debug|Any CPU
		{C50963F5-2D81-4A30-B6F9-EE910090F4DB}.Release|Any CPU.ActiveCfg = Release|Any CPU
		{C50963F5-2D81-4A30-B6F9-EE910090F4DB}.Release|Any CPU.Build.0 = Release|Any CPU
		{C50963F5-2D81-4A30-B6F9-EE910090F4DB}.Release|x64.ActiveCfg = Release|Any CPU
		{C50963F5-2D81-4A30-B6F9-EE910090F4DB}.Release|x64.Build.0 = Release|Any CPU
		{C50963F5-2D81-4A30-B6F9-EE910090F4DB}.Release|x86.ActiveCfg = Release|Any CPU
		{C50963F5-2D81-4A30-B6F9-EE910090F4DB}.Release|x86.Build.0 = Release|Any CPU
	EndGlobalSection
	GlobalSection(SolutionProperties) = preSolution
		HideSolutionNode = FALSE
	EndGlobalSection
EndGlobal
